// !$*UTF8*$!
{
	archiveVersion = 1;
	classes = {
	};
	objectVersion = 46;
	objects = {

/* Begin PBXBuildFile section */
		CD0352A81A086E8B009D285E /* cigars.png in Resources */ = {isa = PBXBuildFile; fileRef = CD0352A31A086E8B009D285E /* cigars.png */; };
		CD0352A91A086E8B009D285E /* hookah.png in Resources */ = {isa = PBXBuildFile; fileRef = CD0352A41A086E8B009D285E /* hookah.png */; };
		CD0352AA1A086E8B009D285E /* ecigarettes.png in Resources */ = {isa = PBXBuildFile; fileRef = CD0352A51A086E8B009D285E /* ecigarettes.png */; };
		CD0352AB1A086E8B009D285E /* snuff.png in Resources */ = {isa = PBXBuildFile; fileRef = CD0352A61A086E8B009D285E /* snuff.png */; };
		CD0352AC1A086E8B009D285E /* snus.png in Resources */ = {isa = PBXBuildFile; fileRef = CD0352A71A086E8B009D285E /* snus.png */; };
		CD68A4E61A0690E000ADC800 /* PTCroppingView.m in Sources */ = {isa = PBXBuildFile; fileRef = CD68A4E51A0690E000ADC800 /* PTCroppingView.m */; };
		CDCCBAF41A05AFA7006CC981 /* Foundation.framework in Frameworks */ = {isa = PBXBuildFile; fileRef = CDCCBAF31A05AFA7006CC981 /* Foundation.framework */; };
		CDCCBAF61A05AFA7006CC981 /* CoreGraphics.framework in Frameworks */ = {isa = PBXBuildFile; fileRef = CDCCBAF51A05AFA7006CC981 /* CoreGraphics.framework */; };
		CDCCBAF81A05AFA7006CC981 /* UIKit.framework in Frameworks */ = {isa = PBXBuildFile; fileRef = CDCCBAF71A05AFA7006CC981 /* UIKit.framework */; };
		CDCCBAFE1A05AFA7006CC981 /* InfoPlist.strings in Resources */ = {isa = PBXBuildFile; fileRef = CDCCBAFC1A05AFA7006CC981 /* InfoPlist.strings */; };
		CDCCBB001A05AFA7006CC981 /* main.m in Sources */ = {isa = PBXBuildFile; fileRef = CDCCBAFF1A05AFA7006CC981 /* main.m */; };
		CDCCBB041A05AFA7006CC981 /* PTAppDelegate.m in Sources */ = {isa = PBXBuildFile; fileRef = CDCCBB031A05AFA7006CC981 /* PTAppDelegate.m */; };
		CDCCBB071A05AFA7006CC981 /* Main.storyboard in Resources */ = {isa = PBXBuildFile; fileRef = CDCCBB051A05AFA7006CC981 /* Main.storyboard */; };
		CDCCBB0A1A05AFA7006CC981 /* PTMainViewController.m in Sources */ = {isa = PBXBuildFile; fileRef = CDCCBB091A05AFA7006CC981 /* PTMainViewController.m */; };
		CDCCBB0D1A05AFA7006CC981 /* PTFlipsideViewController.m in Sources */ = {isa = PBXBuildFile; fileRef = CDCCBB0C1A05AFA7006CC981 /* PTFlipsideViewController.m */; };
		CDCCBB0F1A05AFA7006CC981 /* Images.xcassets in Resources */ = {isa = PBXBuildFile; fileRef = CDCCBB0E1A05AFA7006CC981 /* Images.xcassets */; };
		CDCCBB161A05AFA7006CC981 /* XCTest.framework in Frameworks */ = {isa = PBXBuildFile; fileRef = CDCCBB151A05AFA7006CC981 /* XCTest.framework */; };
		CDCCBB171A05AFA7006CC981 /* Foundation.framework in Frameworks */ = {isa = PBXBuildFile; fileRef = CDCCBAF31A05AFA7006CC981 /* Foundation.framework */; };
		CDCCBB181A05AFA7006CC981 /* UIKit.framework in Frameworks */ = {isa = PBXBuildFile; fileRef = CDCCBAF71A05AFA7006CC981 /* UIKit.framework */; };
		CDCCBB201A05AFA7006CC981 /* InfoPlist.strings in Resources */ = {isa = PBXBuildFile; fileRef = CDCCBB1E1A05AFA7006CC981 /* InfoPlist.strings */; };
		CDCCBB221A05AFA7006CC981 /* PegasusTestTests.m in Sources */ = {isa = PBXBuildFile; fileRef = CDCCBB211A05AFA7006CC981 /* PegasusTestTests.m */; };
		CDCCBB2D1A05B108006CC981 /* icoCameraCircle.png in Resources */ = {isa = PBXBuildFile; fileRef = CDCCBB2B1A05B108006CC981 /* icoCameraCircle.png */; };
		CDCCBB2E1A05B108006CC981 /* icoCameraCirclePressed.png in Resources */ = {isa = PBXBuildFile; fileRef = CDCCBB2C1A05B108006CC981 /* icoCameraCirclePressed.png */; };
		CDCCBB301A05B240006CC981 /* icoCalQuit.png in Resources */ = {isa = PBXBuildFile; fileRef = CDCCBB2F1A05B240006CC981 /* icoCalQuit.png */; };
		CDCCBB351A05C2E4006CC981 /* PTDocument.m in Sources */ = {isa = PBXBuildFile; fileRef = CDCCBB341A05C2E4006CC981 /* PTDocument.m */; };
		CDCCBB381A05D459006CC981 /* PTUtilities.m in Sources */ = {isa = PBXBuildFile; fileRef = CDCCBB371A05D459006CC981 /* PTUtilities.m */; };
/* End PBXBuildFile section */

/* Begin PBXContainerItemProxy section */
		CDCCBB191A05AFA7006CC981 /* PBXContainerItemProxy */ = {
			isa = PBXContainerItemProxy;
			containerPortal = CDCCBAE81A05AFA7006CC981 /* Project object */;
			proxyType = 1;
			remoteGlobalIDString = CDCCBAEF1A05AFA7006CC981;
			remoteInfo = PegasusTest;
		};
/* End PBXContainerItemProxy section */

/* Begin PBXFileReference section */
		CD0352A31A086E8B009D285E /* cigars.png */ = {isa = PBXFileReference; lastKnownFileType = image.png; path = cigars.png; sourceTree = "<group>"; };
		CD0352A41A086E8B009D285E /* hookah.png */ = {isa = PBXFileReference; lastKnownFileType = image.png; path = hookah.png; sourceTree = "<group>"; };
		CD0352A51A086E8B009D285E /* ecigarettes.png */ = {isa = PBXFileReference; lastKnownFileType = image.png; path = ecigarettes.png; sourceTree = "<group>"; };
		CD0352A61A086E8B009D285E /* snuff.png */ = {isa = PBXFileReference; lastKnownFileType = image.png; path = snuff.png; sourceTree = "<group>"; };
		CD0352A71A086E8B009D285E /* snus.png */ = {isa = PBXFileReference; lastKnownFileType = image.png; path = snus.png; sourceTree = "<group>"; };
		CD68A4E41A0690E000ADC800 /* PTCroppingView.h */ = {isa = PBXFileReference; fileEncoding = 4; lastKnownFileType = sourcecode.c.h; path = PTCroppingView.h; sourceTree = "<group>"; };
		CD68A4E51A0690E000ADC800 /* PTCroppingView.m */ = {isa = PBXFileReference; fileEncoding = 4; lastKnownFileType = sourcecode.c.objc; path = PTCroppingView.m; sourceTree = "<group>"; };
		CDCCBAF01A05AFA7006CC981 /* PegasusTest.app */ = {isa = PBXFileReference; explicitFileType = wrapper.application; includeInIndex = 0; path = PegasusTest.app; sourceTree = BUILT_PRODUCTS_DIR; };
		CDCCBAF31A05AFA7006CC981 /* Foundation.framework */ = {isa = PBXFileReference; lastKnownFileType = wrapper.framework; name = Foundation.framework; path = System/Library/Frameworks/Foundation.framework; sourceTree = SDKROOT; };
		CDCCBAF51A05AFA7006CC981 /* CoreGraphics.framework */ = {isa = PBXFileReference; lastKnownFileType = wrapper.framework; name = CoreGraphics.framework; path = System/Library/Frameworks/CoreGraphics.framework; sourceTree = SDKROOT; };
		CDCCBAF71A05AFA7006CC981 /* UIKit.framework */ = {isa = PBXFileReference; lastKnownFileType = wrapper.framework; name = UIKit.framework; path = System/Library/Frameworks/UIKit.framework; sourceTree = SDKROOT; };
		CDCCBAFB1A05AFA7006CC981 /* PegasusTest-Info.plist */ = {isa = PBXFileReference; lastKnownFileType = text.plist.xml; path = "PegasusTest-Info.plist"; sourceTree = "<group>"; };
		CDCCBAFD1A05AFA7006CC981 /* en */ = {isa = PBXFileReference; lastKnownFileType = text.plist.strings; name = en; path = en.lproj/InfoPlist.strings; sourceTree = "<group>"; };
		CDCCBAFF1A05AFA7006CC981 /* main.m */ = {isa = PBXFileReference; lastKnownFileType = sourcecode.c.objc; path = main.m; sourceTree = "<group>"; };
		CDCCBB011A05AFA7006CC981 /* PegasusTest-Prefix.pch */ = {isa = PBXFileReference; lastKnownFileType = sourcecode.c.h; path = "PegasusTest-Prefix.pch"; sourceTree = "<group>"; };
		CDCCBB021A05AFA7006CC981 /* PTAppDelegate.h */ = {isa = PBXFileReference; lastKnownFileType = sourcecode.c.h; path = PTAppDelegate.h; sourceTree = "<group>"; };
		CDCCBB031A05AFA7006CC981 /* PTAppDelegate.m */ = {isa = PBXFileReference; lastKnownFileType = sourcecode.c.objc; path = PTAppDelegate.m; sourceTree = "<group>"; };
		CDCCBB061A05AFA7006CC981 /* Base */ = {isa = PBXFileReference; lastKnownFileType = file.storyboard; name = Base; path = Base.lproj/Main.storyboard; sourceTree = "<group>"; };
		CDCCBB081A05AFA7006CC981 /* PTMainViewController.h */ = {isa = PBXFileReference; lastKnownFileType = sourcecode.c.h; path = PTMainViewController.h; sourceTree = "<group>"; };
		CDCCBB091A05AFA7006CC981 /* PTMainViewController.m */ = {isa = PBXFileReference; lastKnownFileType = sourcecode.c.objc; path = PTMainViewController.m; sourceTree = "<group>"; };
		CDCCBB0B1A05AFA7006CC981 /* PTFlipsideViewController.h */ = {isa = PBXFileReference; lastKnownFileType = sourcecode.c.h; path = PTFlipsideViewController.h; sourceTree = "<group>"; };
		CDCCBB0C1A05AFA7006CC981 /* PTFlipsideViewController.m */ = {isa = PBXFileReference; lastKnownFileType = sourcecode.c.objc; path = PTFlipsideViewController.m; sourceTree = "<group>"; };
		CDCCBB0E1A05AFA7006CC981 /* Images.xcassets */ = {isa = PBXFileReference; lastKnownFileType = folder.assetcatalog; path = Images.xcassets; sourceTree = "<group>"; };
		CDCCBB141A05AFA7006CC981 /* PegasusTestTests.xctest */ = {isa = PBXFileReference; explicitFileType = wrapper.cfbundle; includeInIndex = 0; path = PegasusTestTests.xctest; sourceTree = BUILT_PRODUCTS_DIR; };
		CDCCBB151A05AFA7006CC981 /* XCTest.framework */ = {isa = PBXFileReference; lastKnownFileType = wrapper.framework; name = XCTest.framework; path = Library/Frameworks/XCTest.framework; sourceTree = DEVELOPER_DIR; };
		CDCCBB1D1A05AFA7006CC981 /* PegasusTestTests-Info.plist */ = {isa = PBXFileReference; lastKnownFileType = text.plist.xml; path = "PegasusTestTests-Info.plist"; sourceTree = "<group>"; };
		CDCCBB1F1A05AFA7006CC981 /* en */ = {isa = PBXFileReference; lastKnownFileType = text.plist.strings; name = en; path = en.lproj/InfoPlist.strings; sourceTree = "<group>"; };
		CDCCBB211A05AFA7006CC981 /* PegasusTestTests.m */ = {isa = PBXFileReference; lastKnownFileType = sourcecode.c.objc; path = PegasusTestTests.m; sourceTree = "<group>"; };
		CDCCBB2B1A05B108006CC981 /* icoCameraCircle.png */ = {isa = PBXFileReference; lastKnownFileType = image.png; path = icoCameraCircle.png; sourceTree = "<group>"; };
		CDCCBB2C1A05B108006CC981 /* icoCameraCirclePressed.png */ = {isa = PBXFileReference; lastKnownFileType = image.png; path = icoCameraCirclePressed.png; sourceTree = "<group>"; };
		CDCCBB2F1A05B240006CC981 /* icoCalQuit.png */ = {isa = PBXFileReference; lastKnownFileType = image.png; path = icoCalQuit.png; sourceTree = "<group>"; };
		CDCCBB331A05C2E4006CC981 /* PTDocument.h */ = {isa = PBXFileReference; fileEncoding = 4; lastKnownFileType = sourcecode.c.h; path = PTDocument.h; sourceTree = "<group>"; };
		CDCCBB341A05C2E4006CC981 /* PTDocument.m */ = {isa = PBXFileReference; fileEncoding = 4; lastKnownFileType = sourcecode.c.objc; path = PTDocument.m; sourceTree = "<group>"; };
		CDCCBB361A05D459006CC981 /* PTUtilities.h */ = {isa = PBXFileReference; fileEncoding = 4; lastKnownFileType = sourcecode.c.h; path = PTUtilities.h; sourceTree = "<group>"; };
		CDCCBB371A05D459006CC981 /* PTUtilities.m */ = {isa = PBXFileReference; fileEncoding = 4; lastKnownFileType = sourcecode.c.objc; path = PTUtilities.m; sourceTree = "<group>"; };
/* End PBXFileReference section */

/* Begin PBXFrameworksBuildPhase section */
		CDCCBAED1A05AFA7006CC981 /* Frameworks */ = {
			isa = PBXFrameworksBuildPhase;
			buildActionMask = 2147483647;
			files = (
				CDCCBAF61A05AFA7006CC981 /* CoreGraphics.framework in Frameworks */,
				CDCCBAF81A05AFA7006CC981 /* UIKit.framework in Frameworks */,
				CDCCBAF41A05AFA7006CC981 /* Foundation.framework in Frameworks */,
			);
			runOnlyForDeploymentPostprocessing = 0;
		};
		CDCCBB111A05AFA7006CC981 /* Frameworks */ = {
			isa = PBXFrameworksBuildPhase;
			buildActionMask = 2147483647;
			files = (
				CDCCBB161A05AFA7006CC981 /* XCTest.framework in Frameworks */,
				CDCCBB181A05AFA7006CC981 /* UIKit.framework in Frameworks */,
				CDCCBB171A05AFA7006CC981 /* Foundation.framework in Frameworks */,
			);
			runOnlyForDeploymentPostprocessing = 0;
		};
/* End PBXFrameworksBuildPhase section */

/* Begin PBXGroup section */
		CDCCBAE71A05AFA7006CC981 = {
			isa = PBXGroup;
			children = (
				CDCCBAF91A05AFA7006CC981 /* PegasusTest */,
				CDCCBB1B1A05AFA7006CC981 /* PegasusTestTests */,
				CDCCBAF21A05AFA7006CC981 /* Frameworks */,
				CDCCBAF11A05AFA7006CC981 /* Products */,
			);
			sourceTree = "<group>";
		};
		CDCCBAF11A05AFA7006CC981 /* Products */ = {
			isa = PBXGroup;
			children = (
				CDCCBAF01A05AFA7006CC981 /* PegasusTest.app */,
				CDCCBB141A05AFA7006CC981 /* PegasusTestTests.xctest */,
			);
			name = Products;
			sourceTree = "<group>";
		};
		CDCCBAF21A05AFA7006CC981 /* Frameworks */ = {
			isa = PBXGroup;
			children = (
				CDCCBAF31A05AFA7006CC981 /* Foundation.framework */,
				CDCCBAF51A05AFA7006CC981 /* CoreGraphics.framework */,
				CDCCBAF71A05AFA7006CC981 /* UIKit.framework */,
				CDCCBB151A05AFA7006CC981 /* XCTest.framework */,
			);
			name = Frameworks;
			sourceTree = "<group>";
		};
		CDCCBAF91A05AFA7006CC981 /* PegasusTest */ = {
			isa = PBXGroup;
			children = (
				CDCCBB021A05AFA7006CC981 /* PTAppDelegate.h */,
				CDCCBB031A05AFA7006CC981 /* PTAppDelegate.m */,
				CDCCBB331A05C2E4006CC981 /* PTDocument.h */,
				CDCCBB341A05C2E4006CC981 /* PTDocument.m */,
				CDCCBB051A05AFA7006CC981 /* Main.storyboard */,
				CDCCBB081A05AFA7006CC981 /* PTMainViewController.h */,
				CDCCBB091A05AFA7006CC981 /* PTMainViewController.m */,
				CDCCBB0B1A05AFA7006CC981 /* PTFlipsideViewController.h */,
				CDCCBB0C1A05AFA7006CC981 /* PTFlipsideViewController.m */,
				CD68A4E41A0690E000ADC800 /* PTCroppingView.h */,
				CD68A4E51A0690E000ADC800 /* PTCroppingView.m */,
				CDCCBB361A05D459006CC981 /* PTUtilities.h */,
				CDCCBB371A05D459006CC981 /* PTUtilities.m */,
				CDCCBB0E1A05AFA7006CC981 /* Images.xcassets */,
				CDCCBAFA1A05AFA7006CC981 /* Supporting Files */,
			);
			path = PegasusTest;
			sourceTree = "<group>";
		};
		CDCCBAFA1A05AFA7006CC981 /* Supporting Files */ = {
			isa = PBXGroup;
			children = (
				CD0352A31A086E8B009D285E /* cigars.png */,
				CD0352A41A086E8B009D285E /* hookah.png */,
				CD0352A51A086E8B009D285E /* ecigarettes.png */,
				CD0352A61A086E8B009D285E /* snuff.png */,
				CD0352A71A086E8B009D285E /* snus.png */,
				CDCCBB2B1A05B108006CC981 /* icoCameraCircle.png */,
				CDCCBB2C1A05B108006CC981 /* icoCameraCirclePressed.png */,
				CDCCBB2F1A05B240006CC981 /* icoCalQuit.png */,
				CDCCBAFB1A05AFA7006CC981 /* PegasusTest-Info.plist */,
				CDCCBAFC1A05AFA7006CC981 /* InfoPlist.strings */,
				CDCCBAFF1A05AFA7006CC981 /* main.m */,
				CDCCBB011A05AFA7006CC981 /* PegasusTest-Prefix.pch */,
			);
			name = "Supporting Files";
			sourceTree = "<group>";
		};
		CDCCBB1B1A05AFA7006CC981 /* PegasusTestTests */ = {
			isa = PBXGroup;
			children = (
				CDCCBB211A05AFA7006CC981 /* PegasusTestTests.m */,
				CDCCBB1C1A05AFA7006CC981 /* Supporting Files */,
			);
			path = PegasusTestTests;
			sourceTree = "<group>";
		};
		CDCCBB1C1A05AFA7006CC981 /* Supporting Files */ = {
			isa = PBXGroup;
			children = (
				CDCCBB1D1A05AFA7006CC981 /* PegasusTestTests-Info.plist */,
				CDCCBB1E1A05AFA7006CC981 /* InfoPlist.strings */,
			);
			name = "Supporting Files";
			sourceTree = "<group>";
		};
/* End PBXGroup section */

/* Begin PBXNativeTarget section */
		CDCCBAEF1A05AFA7006CC981 /* PegasusTest */ = {
			isa = PBXNativeTarget;
			buildConfigurationList = CDCCBB251A05AFA7006CC981 /* Build configuration list for PBXNativeTarget "PegasusTest" */;
			buildPhases = (
				CDCCBAEC1A05AFA7006CC981 /* Sources */,
				CDCCBAED1A05AFA7006CC981 /* Frameworks */,
				CDCCBAEE1A05AFA7006CC981 /* Resources */,
			);
			buildRules = (
			);
			dependencies = (
			);
			name = PegasusTest;
			productName = PegasusTest;
			productReference = CDCCBAF01A05AFA7006CC981 /* PegasusTest.app */;
			productType = "com.apple.product-type.application";
		};
		CDCCBB131A05AFA7006CC981 /* PegasusTestTests */ = {
			isa = PBXNativeTarget;
			buildConfigurationList = CDCCBB281A05AFA7006CC981 /* Build configuration list for PBXNativeTarget "PegasusTestTests" */;
			buildPhases = (
				CDCCBB101A05AFA7006CC981 /* Sources */,
				CDCCBB111A05AFA7006CC981 /* Frameworks */,
				CDCCBB121A05AFA7006CC981 /* Resources */,
			);
			buildRules = (
			);
			dependencies = (
				CDCCBB1A1A05AFA7006CC981 /* PBXTargetDependency */,
			);
			name = PegasusTestTests;
			productName = PegasusTestTests;
			productReference = CDCCBB141A05AFA7006CC981 /* PegasusTestTests.xctest */;
			productType = "com.apple.product-type.bundle.unit-test";
		};
/* End PBXNativeTarget section */

/* Begin PBXProject section */
		CDCCBAE81A05AFA7006CC981 /* Project object */ = {
			isa = PBXProject;
			attributes = {
				CLASSPREFIX = PT;
				LastUpgradeCheck = 0500;
				ORGANIZATIONNAME = "Jaroslaw Szymczyk";
				TargetAttributes = {
					CDCCBB131A05AFA7006CC981 = {
						TestTargetID = CDCCBAEF1A05AFA7006CC981;
					};
				};
			};
			buildConfigurationList = CDCCBAEB1A05AFA7006CC981 /* Build configuration list for PBXProject "PegasusTest" */;
			compatibilityVersion = "Xcode 3.2";
			developmentRegion = English;
			hasScannedForEncodings = 0;
			knownRegions = (
				en,
				Base,
			);
			mainGroup = CDCCBAE71A05AFA7006CC981;
			productRefGroup = CDCCBAF11A05AFA7006CC981 /* Products */;
			projectDirPath = "";
			projectRoot = "";
			targets = (
				CDCCBAEF1A05AFA7006CC981 /* PegasusTest */,
				CDCCBB131A05AFA7006CC981 /* PegasusTestTests */,
			);
		};
/* End PBXProject section */

/* Begin PBXResourcesBuildPhase section */
		CDCCBAEE1A05AFA7006CC981 /* Resources */ = {
			isa = PBXResourcesBuildPhase;
			buildActionMask = 2147483647;
			files = (
				CD0352AB1A086E8B009D285E /* snuff.png in Resources */,
				CD0352A81A086E8B009D285E /* cigars.png in Resources */,
				CD0352AA1A086E8B009D285E /* ecigarettes.png in Resources */,
				CD0352AC1A086E8B009D285E /* snus.png in Resources */,
				CDCCBB2E1A05B108006CC981 /* icoCameraCirclePressed.png in Resources */,
				CDCCBB2D1A05B108006CC981 /* icoCameraCircle.png in Resources */,
				CDCCBB0F1A05AFA7006CC981 /* Images.xcassets in Resources */,
				CDCCBAFE1A05AFA7006CC981 /* InfoPlist.strings in Resources */,
				CDCCBB071A05AFA7006CC981 /* Main.storyboard in Resources */,
				CDCCBB301A05B240006CC981 /* icoCalQuit.png in Resources */,
				CD0352A91A086E8B009D285E /* hookah.png in Resources */,
			);
			runOnlyForDeploymentPostprocessing = 0;
		};
		CDCCBB121A05AFA7006CC981 /* Resources */ = {
			isa = PBXResourcesBuildPhase;
			buildActionMask = 2147483647;
			files = (
				CDCCBB201A05AFA7006CC981 /* InfoPlist.strings in Resources */,
			);
			runOnlyForDeploymentPostprocessing = 0;
		};
/* End PBXResourcesBuildPhase section */

/* Begin PBXSourcesBuildPhase section */
		CDCCBAEC1A05AFA7006CC981 /* Sources */ = {
			isa = PBXSourcesBuildPhase;
			buildActionMask = 2147483647;
			files = (
				CDCCBB381A05D459006CC981 /* PTUtilities.m in Sources */,
				CDCCBB0D1A05AFA7006CC981 /* PTFlipsideViewController.m in Sources */,
				CD68A4E61A0690E000ADC800 /* PTCroppingView.m in Sources */,
				CDCCBB0A1A05AFA7006CC981 /* PTMainViewController.m in Sources */,
				CDCCBB041A05AFA7006CC981 /* PTAppDelegate.m in Sources */,
				CDCCBB001A05AFA7006CC981 /* main.m in Sources */,
				CDCCBB351A05C2E4006CC981 /* PTDocument.m in Sources */,
			);
			runOnlyForDeploymentPostprocessing = 0;
		};
		CDCCBB101A05AFA7006CC981 /* Sources */ = {
			isa = PBXSourcesBuildPhase;
			buildActionMask = 2147483647;
			files = (
				CDCCBB221A05AFA7006CC981 /* PegasusTestTests.m in Sources */,
			);
			runOnlyForDeploymentPostprocessing = 0;
		};
/* End PBXSourcesBuildPhase section */

/* Begin PBXTargetDependency section */
		CDCCBB1A1A05AFA7006CC981 /* PBXTargetDependency */ = {
			isa = PBXTargetDependency;
			target = CDCCBAEF1A05AFA7006CC981 /* PegasusTest */;
			targetProxy = CDCCBB191A05AFA7006CC981 /* PBXContainerItemProxy */;
		};
/* End PBXTargetDependency section */

/* Begin PBXVariantGroup section */
		CDCCBAFC1A05AFA7006CC981 /* InfoPlist.strings */ = {
			isa = PBXVariantGroup;
			children = (
				CDCCBAFD1A05AFA7006CC981 /* en */,
			);
			name = InfoPlist.strings;
			sourceTree = "<group>";
		};
		CDCCBB051A05AFA7006CC981 /* Main.storyboard */ = {
			isa = PBXVariantGroup;
			children = (
				CDCCBB061A05AFA7006CC981 /* Base */,
			);
			name = Main.storyboard;
			sourceTree = "<group>";
		};
		CDCCBB1E1A05AFA7006CC981 /* InfoPlist.strings */ = {
			isa = PBXVariantGroup;
			children = (
				CDCCBB1F1A05AFA7006CC981 /* en */,
			);
			name = InfoPlist.strings;
			sourceTree = "<group>";
		};
/* End PBXVariantGroup section */

/* Begin XCBuildConfiguration section */
		CDCCBB231A05AFA7006CC981 /* Debug */ = {
			isa = XCBuildConfiguration;
			buildSettings = {
				ALWAYS_SEARCH_USER_PATHS = NO;
				ARCHS = "$(ARCHS_STANDARD_INCLUDING_64_BIT)";
				CLANG_CXX_LANGUAGE_STANDARD = "gnu++0x";
				CLANG_CXX_LIBRARY = "libc++";
				CLANG_ENABLE_MODULES = YES;
				CLANG_ENABLE_OBJC_ARC = YES;
				CLANG_WARN_BOOL_CONVERSION = YES;
				CLANG_WARN_CONSTANT_CONVERSION = YES;
				CLANG_WARN_DIRECT_OBJC_ISA_USAGE = YES_ERROR;
				CLANG_WARN_EMPTY_BODY = YES;
				CLANG_WARN_ENUM_CONVERSION = YES;
				CLANG_WARN_INT_CONVERSION = YES;
				CLANG_WARN_OBJC_ROOT_CLASS = YES_ERROR;
				CLANG_WARN__DUPLICATE_METHOD_MATCH = YES;
				"CODE_SIGN_IDENTITY[sdk=iphoneos*]" = "iPhone Developer";
				COPY_PHASE_STRIP = NO;
				GCC_C_LANGUAGE_STANDARD = gnu99;
				GCC_DYNAMIC_NO_PIC = NO;
				GCC_OPTIMIZATION_LEVEL = 0;
				GCC_PREPROCESSOR_DEFINITIONS = (
					"DEBUG=1",
					"$(inherited)",
				);
				GCC_SYMBOLS_PRIVATE_EXTERN = NO;
				GCC_WARN_64_TO_32_BIT_CONVERSION = YES;
				GCC_WARN_ABOUT_RETURN_TYPE = YES_ERROR;
				GCC_WARN_UNDECLARED_SELECTOR = YES;
				GCC_WARN_UNINITIALIZED_AUTOS = YES;
				GCC_WARN_UNUSED_FUNCTION = YES;
				GCC_WARN_UNUSED_VARIABLE = YES;
				IPHONEOS_DEPLOYMENT_TARGET = 7.0;
				ONLY_ACTIVE_ARCH = YES;
				SDKROOT = iphoneos;
			};
			name = Debug;
		};
		CDCCBB241A05AFA7006CC981 /* Release */ = {
			isa = XCBuildConfiguration;
			buildSettings = {
				ALWAYS_SEARCH_USER_PATHS = NO;
				ARCHS = "$(ARCHS_STANDARD_INCLUDING_64_BIT)";
				CLANG_CXX_LANGUAGE_STANDARD = "gnu++0x";
				CLANG_CXX_LIBRARY = "libc++";
				CLANG_ENABLE_MODULES = YES;
				CLANG_ENABLE_OBJC_ARC = YES;
				CLANG_WARN_BOOL_CONVERSION = YES;
				CLANG_WARN_CONSTANT_CONVERSION = YES;
				CLANG_WARN_DIRECT_OBJC_ISA_USAGE = YES_ERROR;
				CLANG_WARN_EMPTY_BODY = YES;
				CLANG_WARN_ENUM_CONVERSION = YES;
				CLANG_WARN_INT_CONVERSION = YES;
				CLANG_WARN_OBJC_ROOT_CLASS = YES_ERROR;
				CLANG_WARN__DUPLICATE_METHOD_MATCH = YES;
				"CODE_SIGN_IDENTITY[sdk=iphoneos*]" = "iPhone Developer";
				COPY_PHASE_STRIP = YES;
				ENABLE_NS_ASSERTIONS = NO;
				GCC_C_LANGUAGE_STANDARD = gnu99;
				GCC_WARN_64_TO_32_BIT_CONVERSION = YES;
				GCC_WARN_ABOUT_RETURN_TYPE = YES_ERROR;
				GCC_WARN_UNDECLARED_SELECTOR = YES;
				GCC_WARN_UNINITIALIZED_AUTOS = YES;
				GCC_WARN_UNUSED_FUNCTION = YES;
				GCC_WARN_UNUSED_VARIABLE = YES;
				IPHONEOS_DEPLOYMENT_TARGET = 7.0;
				SDKROOT = iphoneos;
				VALIDATE_PRODUCT = YES;
			};
			name = Release;
		};
		CDCCBB261A05AFA7006CC981 /* Debug */ = {
			isa = XCBuildConfiguration;
			buildSettings = {
				ASSETCATALOG_COMPILER_APPICON_NAME = AppIcon;
				ASSETCATALOG_COMPILER_LAUNCHIMAGE_NAME = LaunchImage;
				GCC_PRECOMPILE_PREFIX_HEADER = YES;
				GCC_PREFIX_HEADER = "PegasusTest/PegasusTest-Prefix.pch";
				INFOPLIST_FILE = "PegasusTest/PegasusTest-Info.plist";
				PRODUCT_NAME = "$(TARGET_NAME)";
				WRAPPER_EXTENSION = app;
			};
			name = Debug;
		};
		CDCCBB271A05AFA7006CC981 /* Release */ = {
			isa = XCBuildConfiguration;
			buildSettings = {
				ASSETCATALOG_COMPILER_APPICON_NAME = AppIcon;
				ASSETCATALOG_COMPILER_LAUNCHIMAGE_NAME = LaunchImage;
				GCC_PRECOMPILE_PREFIX_HEADER = YES;
				GCC_PREFIX_HEADER = "PegasusTest/PegasusTest-Prefix.pch";
				INFOPLIST_FILE = "PegasusTest/PegasusTest-Info.plist";
				PRODUCT_NAME = "$(TARGET_NAME)";
				WRAPPER_EXTENSION = app;
			};
			name = Release;
		};
		CDCCBB291A05AFA7006CC981 /* Debug */ = {
			isa = XCBuildConfiguration;
			buildSettings = {
				ARCHS = "$(ARCHS_STANDARD_INCLUDING_64_BIT)";
				BUNDLE_LOADER = "$(BUILT_PRODUCTS_DIR)/PegasusTest.app/PegasusTest";
				FRAMEWORK_SEARCH_PATHS = (
					"$(SDKROOT)/Developer/Library/Frameworks",
					"$(inherited)",
					"$(DEVELOPER_FRAMEWORKS_DIR)",
				);
				GCC_PRECOMPILE_PREFIX_HEADER = YES;
				GCC_PREFIX_HEADER = "PegasusTest/PegasusTest-Prefix.pch";
				GCC_PREPROCESSOR_DEFINITIONS = (
					"DEBUG=1",
					"$(inherited)",
				);
				INFOPLIST_FILE = "PegasusTestTests/PegasusTestTests-Info.plist";
				PRODUCT_NAME = "$(TARGET_NAME)";
				TEST_HOST = "$(BUNDLE_LOADER)";
				WRAPPER_EXTENSION = xctest;
			};
			name = Debug;
		};
		CDCCBB2A1A05AFA7006CC981 /* Release */ = {
			isa = XCBuildConfiguration;
			buildSettings = {
				ARCHS = "$(ARCHS_STANDARD_INCLUDING_64_BIT)";
				BUNDLE_LOADER = "$(BUILT_PRODUCTS_DIR)/PegasusTest.app/PegasusTest";
				FRAMEWORK_SEARCH_PATHS = (
					"$(SDKROOT)/Developer/Library/Frameworks",
					"$(inherited)",
					"$(DEVELOPER_FRAMEWORKS_DIR)",
				);
				GCC_PRECOMPILE_PREFIX_HEADER = YES;
				GCC_PREFIX_HEADER = "PegasusTest/PegasusTest-Prefix.pch";
				INFOPLIST_FILE = "PegasusTestTests/PegasusTestTests-Info.plist";
				PRODUCT_NAME = "$(TARGET_NAME)";
				TEST_HOST = "$(BUNDLE_LOADER)";
				WRAPPER_EXTENSION = xctest;
			};
			name = Release;
		};
/* End XCBuildConfiguration section */

/* Begin XCConfigurationList section */
		CDCCBAEB1A05AFA7006CC981 /* Build configuration list for PBXProject "PegasusTest" */ = {
			isa = XCConfigurationList;
			buildConfigurations = (
				CDCCBB231A05AFA7006CC981 /* Debug */,
				CDCCBB241A05AFA7006CC981 /* Release */,
			);
			defaultConfigurationIsVisible = 0;
			defaultConfigurationName = Release;
		};
		CDCCBB251A05AFA7006CC981 /* Build configuration list for PBXNativeTarget "PegasusTest" */ = {
			isa = XCConfigurationList;
			buildConfigurations = (
				CDCCBB261A05AFA7006CC981 /* Debug */,
				CDCCBB271A05AFA7006CC981 /* Release */,
			);
			defaultConfigurationIsVisible = 0;
			defaultConfigurationName = Release;
		};
		CDCCBB281A05AFA7006CC981 /* Build configuration list for PBXNativeTarget "PegasusTestTests" */ = {
			isa = XCConfigurationList;
			buildConfigurations = (
				CDCCBB291A05AFA7006CC981 /* Debug */,
				CDCCBB2A1A05AFA7006CC981 /* Release */,
			);
			defaultConfigurationIsVisible = 0;
			defaultConfigurationName = Release;
		};
/* End XCConfigurationList section */
	};
	rootObject = CDCCBAE81A05AFA7006CC981 /* Project object */;
}
